
Microsoft Visual Studio Solution File, Format Version 12.00
# Visual Studio Version 17
VisualStudioVersion = 17.5.002.0
MinimumVisualStudioVersion = 10.0.40219.1
Project("{9A19103F-16F7-4668-BE54-9A1E7A4F7556}") = "api", "api\api.csproj", "{AB5202EF-9031-448E-A7B2-C5EE73166CA9}"
EndProject
Global
	GlobalSection(SolutionConfigurationPlatforms) = preSolution
		Debug|Any CPU = Debug|Any CPU
		Release|Any CPU = Release|Any CPU
	EndGlobalSection
	GlobalSection(ProjectConfigurationPlatforms) = postSolution
		{AB5202EF-9031-448E-A7B2-C5EE73166CA9}.Debug|Any CPU.ActiveCfg = Debug|Any CPU
		{AB5202EF-9031-448E-A7B2-C5EE73166CA9}.Debug|Any CPU.Build.0 = Debug|Any CPU
		{AB5202EF-9031-448E-A7B2-C5EE73166CA9}.Release|Any CPU.ActiveCfg = Release|Any CPU
		{AB5202EF-9031-448E-A7B2-C5EE73166CA9}.Release|Any CPU.Build.0 = Release|Any CPU
	EndGlobalSection
	GlobalSection(SolutionProperties) = preSolution
		HideSolutionNode = FALSE
	EndGlobalSection
	GlobalSection(ExtensibilityGlobals) = postSolution
		SolutionGuid = {BD71E992-53DE-47F1-8F6E-97815E94F80D}
	EndGlobalSection
EndGlobal
